// !$*UTF8*$!
{
	archiveVersion = 1;
	classes = {
	};
	objectVersion = 46;
	objects = {

/* Begin PBXBuildFile section */
		BEDCDB9215695F5700F63AAE /* UIKit.framework in Frameworks */ = {isa = PBXBuildFile; fileRef = BEDCDB9115695F5700F63AAE /* UIKit.framework */; };
		BEDCDB9415695F5800F63AAE /* Foundation.framework in Frameworks */ = {isa = PBXBuildFile; fileRef = BEDCDB9315695F5700F63AAE /* Foundation.framework */; };
		BEDCDB9615695F5800F63AAE /* CoreGraphics.framework in Frameworks */ = {isa = PBXBuildFile; fileRef = BEDCDB9515695F5800F63AAE /* CoreGraphics.framework */; };
		BEDCDB9C15695F5800F63AAE /* InfoPlist.strings in Resources */ = {isa = PBXBuildFile; fileRef = BEDCDB9A15695F5800F63AAE /* InfoPlist.strings */; };
		BEDCDB9E15695F5800F63AAE /* main.m in Sources */ = {isa = PBXBuildFile; fileRef = BEDCDB9D15695F5800F63AAE /* main.m */; };
		BEDCDBA215695F5800F63AAE /* AppDelegate.m in Sources */ = {isa = PBXBuildFile; fileRef = BEDCDBA115695F5800F63AAE /* AppDelegate.m */; };
		BEDCDBA515695F5800F63AAE /* MainStoryboard.storyboard in Resources */ = {isa = PBXBuildFile; fileRef = BEDCDBA315695F5800F63AAE /* MainStoryboard.storyboard */; };
		BEDCDBA815695F5800F63AAE /* ViewController.m in Sources */ = {isa = PBXBuildFile; fileRef = BEDCDBA715695F5800F63AAE /* ViewController.m */; };
/* End PBXBuildFile section */

/* Begin PBXFileReference section */
		BEDCDB8D15695F5700F63AAE /* RealToReel.app */ = {isa = PBXFileReference; explicitFileType = wrapper.application; includeInIndex = 0; path = RealToReel.app; sourceTree = BUILT_PRODUCTS_DIR; };
		BEDCDB9115695F5700F63AAE /* UIKit.framework */ = {isa = PBXFileReference; lastKnownFileType = wrapper.framework; name = UIKit.framework; path = System/Library/Frameworks/UIKit.framework; sourceTree = SDKROOT; };
		BEDCDB9315695F5700F63AAE /* Foundation.framework */ = {isa = PBXFileReference; lastKnownFileType = wrapper.framework; name = Foundation.framework; path = System/Library/Frameworks/Foundation.framework; sourceTree = SDKROOT; };
		BEDCDB9515695F5800F63AAE /* CoreGraphics.framework */ = {isa = PBXFileReference; lastKnownFileType = wrapper.framework; name = CoreGraphics.framework; path = System/Library/Frameworks/CoreGraphics.framework; sourceTree = SDKROOT; };
		BEDCDB9915695F5800F63AAE /* RealToReel-Info.plist */ = {isa = PBXFileReference; lastKnownFileType = text.plist.xml; path = "RealToReel-Info.plist"; sourceTree = "<group>"; };
		BEDCDB9B15695F5800F63AAE /* en */ = {isa = PBXFileReference; lastKnownFileType = text.plist.strings; name = en; path = en.lproj/InfoPlist.strings; sourceTree = "<group>"; };
		BEDCDB9D15695F5800F63AAE /* main.m */ = {isa = PBXFileReference; lastKnownFileType = sourcecode.c.objc; path = main.m; sourceTree = "<group>"; };
		BEDCDB9F15695F5800F63AAE /* RealToReel-Prefix.pch */ = {isa = PBXFileReference; lastKnownFileType = sourcecode.c.h; path = "RealToReel-Prefix.pch"; sourceTree = "<group>"; };
		BEDCDBA015695F5800F63AAE /* AppDelegate.h */ = {isa = PBXFileReference; lastKnownFileType = sourcecode.c.h; path = AppDelegate.h; sourceTree = "<group>"; };
		BEDCDBA115695F5800F63AAE /* AppDelegate.m */ = {isa = PBXFileReference; lastKnownFileType = sourcecode.c.objc; path = AppDelegate.m; sourceTree = "<group>"; };
		BEDCDBA415695F5800F63AAE /* en */ = {isa = PBXFileReference; lastKnownFileType = file.storyboard; name = en; path = en.lproj/MainStoryboard.storyboard; sourceTree = "<group>"; };
		BEDCDBA615695F5800F63AAE /* ViewController.h */ = {isa = PBXFileReference; lastKnownFileType = sourcecode.c.h; path = ViewController.h; sourceTree = "<group>"; };
		BEDCDBA715695F5800F63AAE /* ViewController.m */ = {isa = PBXFileReference; lastKnownFileType = sourcecode.c.objc; path = ViewController.m; sourceTree = "<group>"; };
/* End PBXFileReference section */

/* Begin PBXFrameworksBuildPhase section */
		BEDCDB8A15695F5700F63AAE /* Frameworks */ = {
			isa = PBXFrameworksBuildPhase;
			buildActionMask = 2147483647;
			files = (
				BEDCDB9215695F5700F63AAE /* UIKit.framework in Frameworks */,
				BEDCDB9415695F5800F63AAE /* Foundation.framework in Frameworks */,
				BEDCDB9615695F5800F63AAE /* CoreGraphics.framework in Frameworks */,
			);
			runOnlyForDeploymentPostprocessing = 0;
		};
/* End PBXFrameworksBuildPhase section */

/* Begin PBXGroup section */
		BEDCDB8215695F5700F63AAE = {
			isa = PBXGroup;
			children = (
				BEDCDB9715695F5800F63AAE /* RealToReel */,
				BEDCDB9015695F5700F63AAE /* Frameworks */,
				BEDCDB8E15695F5700F63AAE /* Products */,
			);
			sourceTree = "<group>";
		};
		BEDCDB8E15695F5700F63AAE /* Products */ = {
			isa = PBXGroup;
			children = (
				BEDCDB8D15695F5700F63AAE /* RealToReel.app */,
			);
			name = Products;
			sourceTree = "<group>";
		};
		BEDCDB9015695F5700F63AAE /* Frameworks */ = {
			isa = PBXGroup;
			children = (
				BEDCDB9115695F5700F63AAE /* UIKit.framework */,
				BEDCDB9315695F5700F63AAE /* Foundation.framework */,
				BEDCDB9515695F5800F63AAE /* CoreGraphics.framework */,
			);
			name = Frameworks;
			sourceTree = "<group>";
		};
		BEDCDB9715695F5800F63AAE /* RealToReel */ = {
			isa = PBXGroup;
			children = (
				BEDCDBA015695F5800F63AAE /* AppDelegate.h */,
				BEDCDBA115695F5800F63AAE /* AppDelegate.m */,
				BEDCDBA315695F5800F63AAE /* MainStoryboard.storyboard */,
				BEDCDBA615695F5800F63AAE /* ViewController.h */,
				BEDCDBA715695F5800F63AAE /* ViewController.m */,
				BEDCDB9815695F5800F63AAE /* Supporting Files */,
			);
			path = RealToReel;
			sourceTree = "<group>";
		};
		BEDCDB9815695F5800F63AAE /* Supporting Files */ = {
			isa = PBXGroup;
			children = (
				BEDCDB9915695F5800F63AAE /* RealToReel-Info.plist */,
				BEDCDB9A15695F5800F63AAE /* InfoPlist.strings */,
				BEDCDB9D15695F5800F63AAE /* main.m */,
				BEDCDB9F15695F5800F63AAE /* RealToReel-Prefix.pch */,
			);
			name = "Supporting Files";
			sourceTree = "<group>";
		};
/* End PBXGroup section */

/* Begin PBXNativeTarget section */
		BEDCDB8C15695F5700F63AAE /* RealToReel */ = {
			isa = PBXNativeTarget;
			buildConfigurationList = BEDCDBAB15695F5800F63AAE /* Build configuration list for PBXNativeTarget "RealToReel" */;
			buildPhases = (
				BEDCDB8915695F5700F63AAE /* Sources */,
				BEDCDB8A15695F5700F63AAE /* Frameworks */,
				BEDCDB8B15695F5700F63AAE /* Resources */,
			);
			buildRules = (
			);
			dependencies = (
			);
			name = RealToReel;
			productName = RealToReel;
			productReference = BEDCDB8D15695F5700F63AAE /* RealToReel.app */;
			productType = "com.apple.product-type.application";
		};
/* End PBXNativeTarget section */

/* Begin PBXProject section */
		BEDCDB8415695F5700F63AAE /* Project object */ = {
			isa = PBXProject;
			attributes = {
				LastUpgradeCheck = 0430;
				ORGANIZATIONNAME = ETSU;
			};
			buildConfigurationList = BEDCDB8715695F5700F63AAE /* Build configuration list for PBXProject "RealToReel" */;
			compatibilityVersion = "Xcode 3.2";
			developmentRegion = English;
			hasScannedForEncodings = 0;
			knownRegions = (
				en,
			);
			mainGroup = BEDCDB8215695F5700F63AAE;
			productRefGroup = BEDCDB8E15695F5700F63AAE /* Products */;
			projectDirPath = "";
			projectRoot = "";
			targets = (
				BEDCDB8C15695F5700F63AAE /* RealToReel */,
			);
		};
/* End PBXProject section */

/* Begin PBXResourcesBuildPhase section */
		BEDCDB8B15695F5700F63AAE /* Resources */ = {
			isa = PBXResourcesBuildPhase;
			buildActionMask = 2147483647;
			files = (
				BEDCDB9C15695F5800F63AAE /* InfoPlist.strings in Resources */,
				BEDCDBA515695F5800F63AAE /* MainStoryboard.storyboard in Resources */,
			);
			runOnlyForDeploymentPostprocessing = 0;
		};
/* End PBXResourcesBuildPhase section */

/* Begin PBXSourcesBuildPhase section */
		BEDCDB8915695F5700F63AAE /* Sources */ = {
			isa = PBXSourcesBuildPhase;
			buildActionMask = 2147483647;
			files = (
				BEDCDB9E15695F5800F63AAE /* main.m in Sources */,
				BEDCDBA215695F5800F63AAE /* AppDelegate.m in Sources */,
				BEDCDBA815695F5800F63AAE /* ViewController.m in Sources */,
			);
			runOnlyForDeploymentPostprocessing = 0;
		};
/* End PBXSourcesBuildPhase section */

/* Begin PBXVariantGroup section */
		BEDCDB9A15695F5800F63AAE /* InfoPlist.strings */ = {
			isa = PBXVariantGroup;
			children = (
				BEDCDB9B15695F5800F63AAE /* en */,
			);
			name = InfoPlist.strings;
			sourceTree = "<group>";
		};
		BEDCDBA315695F5800F63AAE /* MainStoryboard.storyboard */ = {
			isa = PBXVariantGroup;
			children = (
				BEDCDBA415695F5800F63AAE /* en */,
			);
			name = MainStoryboard.storyboard;
			sourceTree = "<group>";
		};
/* End PBXVariantGroup section */

/* Begin XCBuildConfiguration section */
		BEDCDBA915695F5800F63AAE /* Debug */ = {
			isa = XCBuildConfiguration;
			buildSettings = {
				ALWAYS_SEARCH_USER_PATHS = NO;
				ARCHS = "$(ARCHS_STANDARD_32_BIT)";
				CLANG_ENABLE_OBJC_ARC = YES;
				"CODE_SIGN_IDENTITY[sdk=iphoneos*]" = "iPhone Developer";
				COPY_PHASE_STRIP = NO;
				GCC_C_LANGUAGE_STANDARD = gnu99;
				GCC_DYNAMIC_NO_PIC = NO;
				GCC_OPTIMIZATION_LEVEL = 0;
				GCC_PREPROCESSOR_DEFINITIONS = (
					"DEBUG=1",
					"$(inherited)",
				);
				GCC_SYMBOLS_PRIVATE_EXTERN = NO;
				GCC_VERSION = com.apple.compilers.llvm.clang.1_0;
				GCC_WARN_ABOUT_RETURN_TYPE = YES;
				GCC_WARN_UNINITIALIZED_AUTOS = YES;
				GCC_WARN_UNUSED_VARIABLE = YES;
				IPHONEOS_DEPLOYMENT_TARGET = 5.1;
				SDKROOT = iphoneos;
			};
			name = Debug;
		};
		BEDCDBAA15695F5800F63AAE /* Release */ = {
			isa = XCBuildConfiguration;
			buildSettings = {
				ALWAYS_SEARCH_USER_PATHS = NO;
				ARCHS = "$(ARCHS_STANDARD_32_BIT)";
				CLANG_ENABLE_OBJC_ARC = YES;
				"CODE_SIGN_IDENTITY[sdk=iphoneos*]" = "iPhone Developer";
				COPY_PHASE_STRIP = YES;
				GCC_C_LANGUAGE_STANDARD = gnu99;
				GCC_VERSION = com.apple.compilers.llvm.clang.1_0;
				GCC_WARN_ABOUT_RETURN_TYPE = YES;
				GCC_WARN_UNINITIALIZED_AUTOS = YES;
				GCC_WARN_UNUSED_VARIABLE = YES;
				IPHONEOS_DEPLOYMENT_TARGET = 5.1;
				OTHER_CFLAGS = "-DNS_BLOCK_ASSERTIONS=1";
				SDKROOT = iphoneos;
				VALIDATE_PRODUCT = YES;
			};
			name = Release;
		};
		BEDCDBAC15695F5800F63AAE /* Debug */ = {
			isa = XCBuildConfiguration;
			buildSettings = {
				GCC_PRECOMPILE_PREFIX_HEADER = YES;
				GCC_PREFIX_HEADER = "RealToReel/RealToReel-Prefix.pch";
				INFOPLIST_FILE = "RealToReel/RealToReel-Info.plist";
				PRODUCT_NAME = "$(TARGET_NAME)";
				WRAPPER_EXTENSION = app;
			};
			name = Debug;
		};
		BEDCDBAD15695F5800F63AAE /* Release */ = {
			isa = XCBuildConfiguration;
			buildSettings = {
				GCC_PRECOMPILE_PREFIX_HEADER = YES;
				GCC_PREFIX_HEADER = "RealToReel/RealToReel-Prefix.pch";
				INFOPLIST_FILE = "RealToReel/RealToReel-Info.plist";
				PRODUCT_NAME = "$(TARGET_NAME)";
				WRAPPER_EXTENSION = app;
			};
			name = Release;
		};
/* End XCBuildConfiguration section */

/* Begin XCConfigurationList section */
		BEDCDB8715695F5700F63AAE /* Build configuration list for PBXProject "RealToReel" */ = {
			isa = XCConfigurationList;
			buildConfigurations = (
				BEDCDBA915695F5800F63AAE /* Debug */,
				BEDCDBAA15695F5800F63AAE /* Release */,
			);
			defaultConfigurationIsVisible = 0;
			defaultConfigurationName = Release;
		};
		BEDCDBAB15695F5800F63AAE /* Build configuration list for PBXNativeTarget "RealToReel" */ = {
			isa = XCConfigurationList;
			buildConfigurations = (
				BEDCDBAC15695F5800F63AAE /* Debug */,
				BEDCDBAD15695F5800F63AAE /* Release */,
			);
			defaultConfigurationIsVisible = 0;
		};
/* End XCConfigurationList section */
	};
	rootObject = BEDCDB8415695F5700F63AAE /* Project object */;
}
